// !$*UTF8*$!
{
	archiveVersion = 1;
	classes = {
	};
	objectVersion = 54;
	objects = {

/* Begin PBXBuildFile section */
		59C8B44427C106A40033F347 /* AppDelegate.swift in Sources */ = {isa = PBXBuildFile; fileRef = 59C8B44327C106A40033F347 /* AppDelegate.swift */; };
		59C8B44D27C106A50033F347 /* Assets.xcassets in Resources */ = {isa = PBXBuildFile; fileRef = 59C8B44C27C106A50033F347 /* Assets.xcassets */; };
		59C8B45027C106A50033F347 /* LaunchScreen.storyboard in Resources */ = {isa = PBXBuildFile; fileRef = 59C8B44E27C106A50033F347 /* LaunchScreen.storyboard */; };
		59C8B46827C116660033F347 /* HomeViewModel.swift in Sources */ = {isa = PBXBuildFile; fileRef = 59C8B46727C116660033F347 /* HomeViewModel.swift */; };
		59C8B46A27C116880033F347 /* HomeViewController.swift in Sources */ = {isa = PBXBuildFile; fileRef = 59C8B46927C116880033F347 /* HomeViewController.swift */; };
		59C8B46C27C116A70033F347 /* HomeView.swift in Sources */ = {isa = PBXBuildFile; fileRef = 59C8B46B27C116A70033F347 /* HomeView.swift */; };
		59C8B47427C1176D0033F347 /* String+Extensions.swift in Sources */ = {isa = PBXBuildFile; fileRef = 59C8B47327C1176D0033F347 /* String+Extensions.swift */; };
		59C8B47627C117870033F347 /* UITableView+Extensions.swift in Sources */ = {isa = PBXBuildFile; fileRef = 59C8B47527C117870033F347 /* UITableView+Extensions.swift */; };
		59C8B47827C117A10033F347 /* ReusableView.swift in Sources */ = {isa = PBXBuildFile; fileRef = 59C8B47727C117A10033F347 /* ReusableView.swift */; };
		59C8B47A27C117C40033F347 /* VisualContentsManagers.swift in Sources */ = {isa = PBXBuildFile; fileRef = 59C8B47927C117C40033F347 /* VisualContentsManagers.swift */; };
		59C8B47C27C117F20033F347 /* LocalizableManager.swift in Sources */ = {isa = PBXBuildFile; fileRef = 59C8B47B27C117F20033F347 /* LocalizableManager.swift */; };
		59C8B47E27C1180B0033F347 /* BaseProtocols.swift in Sources */ = {isa = PBXBuildFile; fileRef = 59C8B47D27C1180B0033F347 /* BaseProtocols.swift */; };
		59C8B48027C1182A0033F347 /* TypeAliases.swift in Sources */ = {isa = PBXBuildFile; fileRef = 59C8B47F27C1182A0033F347 /* TypeAliases.swift */; };
		59C8B48327C11FF50033F347 /* Localizable.strings in Resources */ = {isa = PBXBuildFile; fileRef = 59C8B48527C11FF50033F347 /* Localizable.strings */; };
		59C8B48E27C120B30033F347 /* NetworkLayer.swift in Sources */ = {isa = PBXBuildFile; fileRef = 59C8B48D27C120B30033F347 /* NetworkLayer.swift */; };
		59C8B49027C1220E0033F347 /* AlertFactory.swift in Sources */ = {isa = PBXBuildFile; fileRef = 59C8B48F27C1220E0033F347 /* AlertFactory.swift */; };
		59C8B49227C125150033F347 /* User.swift in Sources */ = {isa = PBXBuildFile; fileRef = 59C8B49127C125150033F347 /* User.swift */; };
		59C8B49427C125780033F347 /* Comment.swift in Sources */ = {isa = PBXBuildFile; fileRef = 59C8B49327C125780033F347 /* Comment.swift */; };
		59C8B49727C1260F0033F347 /* Post.swift in Sources */ = {isa = PBXBuildFile; fileRef = 59C8B49627C1260F0033F347 /* Post.swift */; };
		59C8B49D27C140490033F347 /* PostCell.swift in Sources */ = {isa = PBXBuildFile; fileRef = 59C8B49C27C140490033F347 /* PostCell.swift */; };
		59C8B49F27C144E80033F347 /* HomeDataSourceManager.swift in Sources */ = {isa = PBXBuildFile; fileRef = 59C8B49E27C144E80033F347 /* HomeDataSourceManager.swift */; };
/* End PBXBuildFile section */

/* Begin PBXFileReference section */
		59C8B44027C106A40033F347 /* coyo-code-challange.app */ = {isa = PBXFileReference; explicitFileType = wrapper.application; includeInIndex = 0; path = "coyo-code-challange.app"; sourceTree = BUILT_PRODUCTS_DIR; };
		59C8B44327C106A40033F347 /* AppDelegate.swift */ = {isa = PBXFileReference; lastKnownFileType = sourcecode.swift; path = AppDelegate.swift; sourceTree = "<group>"; };
		59C8B44C27C106A50033F347 /* Assets.xcassets */ = {isa = PBXFileReference; lastKnownFileType = folder.assetcatalog; path = Assets.xcassets; sourceTree = "<group>"; };
		59C8B44F27C106A50033F347 /* Base */ = {isa = PBXFileReference; lastKnownFileType = file.storyboard; name = Base; path = Base.lproj/LaunchScreen.storyboard; sourceTree = "<group>"; };
		59C8B45127C106A50033F347 /* Info.plist */ = {isa = PBXFileReference; lastKnownFileType = text.plist.xml; path = Info.plist; sourceTree = "<group>"; };
		59C8B46727C116660033F347 /* HomeViewModel.swift */ = {isa = PBXFileReference; lastKnownFileType = sourcecode.swift; path = HomeViewModel.swift; sourceTree = "<group>"; };
		59C8B46927C116880033F347 /* HomeViewController.swift */ = {isa = PBXFileReference; lastKnownFileType = sourcecode.swift; path = HomeViewController.swift; sourceTree = "<group>"; };
		59C8B46B27C116A70033F347 /* HomeView.swift */ = {isa = PBXFileReference; lastKnownFileType = sourcecode.swift; path = HomeView.swift; sourceTree = "<group>"; };
		59C8B47327C1176D0033F347 /* String+Extensions.swift */ = {isa = PBXFileReference; lastKnownFileType = sourcecode.swift; path = "String+Extensions.swift"; sourceTree = "<group>"; };
		59C8B47527C117870033F347 /* UITableView+Extensions.swift */ = {isa = PBXFileReference; lastKnownFileType = sourcecode.swift; path = "UITableView+Extensions.swift"; sourceTree = "<group>"; };
		59C8B47727C117A10033F347 /* ReusableView.swift */ = {isa = PBXFileReference; lastKnownFileType = sourcecode.swift; path = ReusableView.swift; sourceTree = "<group>"; };
		59C8B47927C117C40033F347 /* VisualContentsManagers.swift */ = {isa = PBXFileReference; lastKnownFileType = sourcecode.swift; path = VisualContentsManagers.swift; sourceTree = "<group>"; };
		59C8B47B27C117F20033F347 /* LocalizableManager.swift */ = {isa = PBXFileReference; lastKnownFileType = sourcecode.swift; path = LocalizableManager.swift; sourceTree = "<group>"; };
		59C8B47D27C1180B0033F347 /* BaseProtocols.swift */ = {isa = PBXFileReference; lastKnownFileType = sourcecode.swift; path = BaseProtocols.swift; sourceTree = "<group>"; };
		59C8B47F27C1182A0033F347 /* TypeAliases.swift */ = {isa = PBXFileReference; lastKnownFileType = sourcecode.swift; path = TypeAliases.swift; sourceTree = "<group>"; };
		59C8B48427C11FF50033F347 /* en */ = {isa = PBXFileReference; lastKnownFileType = text.plist.strings; name = en; path = en.lproj/Localizable.strings; sourceTree = "<group>"; };
		59C8B48627C120190033F347 /* tr */ = {isa = PBXFileReference; lastKnownFileType = text.plist.strings; name = tr; path = tr.lproj/LaunchScreen.strings; sourceTree = "<group>"; };
		59C8B48727C120190033F347 /* tr */ = {isa = PBXFileReference; lastKnownFileType = text.plist.strings; name = tr; path = tr.lproj/Localizable.strings; sourceTree = "<group>"; };
		59C8B48D27C120B30033F347 /* NetworkLayer.swift */ = {isa = PBXFileReference; lastKnownFileType = sourcecode.swift; path = NetworkLayer.swift; sourceTree = "<group>"; };
		59C8B48F27C1220E0033F347 /* AlertFactory.swift */ = {isa = PBXFileReference; lastKnownFileType = sourcecode.swift; path = AlertFactory.swift; sourceTree = "<group>"; };
		59C8B49127C125150033F347 /* User.swift */ = {isa = PBXFileReference; lastKnownFileType = sourcecode.swift; path = User.swift; sourceTree = "<group>"; };
		59C8B49327C125780033F347 /* Comment.swift */ = {isa = PBXFileReference; lastKnownFileType = sourcecode.swift; path = Comment.swift; sourceTree = "<group>"; };
		59C8B49627C1260F0033F347 /* Post.swift */ = {isa = PBXFileReference; lastKnownFileType = sourcecode.swift; path = Post.swift; sourceTree = "<group>"; };
		59C8B49C27C140490033F347 /* PostCell.swift */ = {isa = PBXFileReference; lastKnownFileType = sourcecode.swift; path = PostCell.swift; sourceTree = "<group>"; };
		59C8B49E27C144E80033F347 /* HomeDataSourceManager.swift */ = {isa = PBXFileReference; lastKnownFileType = sourcecode.swift; path = HomeDataSourceManager.swift; sourceTree = "<group>"; };
/* End PBXFileReference section */

/* Begin PBXFrameworksBuildPhase section */
		59C8B43D27C106A40033F347 /* Frameworks */ = {
			isa = PBXFrameworksBuildPhase;
			buildActionMask = 2147483647;
			files = (
			);
			runOnlyForDeploymentPostprocessing = 0;
		};
/* End PBXFrameworksBuildPhase section */

/* Begin PBXGroup section */
		59C8B43727C106A40033F347 = {
			isa = PBXGroup;
			children = (
				59C8B44227C106A40033F347 /* coyo-code-challange */,
				59C8B44127C106A40033F347 /* Products */,
			);
			sourceTree = "<group>";
		};
		59C8B44127C106A40033F347 /* Products */ = {
			isa = PBXGroup;
			children = (
				59C8B44027C106A40033F347 /* coyo-code-challange.app */,
			);
			name = Products;
			sourceTree = "<group>";
		};
		59C8B44227C106A40033F347 /* coyo-code-challange */ = {
			isa = PBXGroup;
			children = (
				59C8B45827C10C050033F347 /* App */,
				59C8B45927C10C0B0033F347 /* Base */,
				59C8B45A27C10C150033F347 /* Constants */,
				59C8B45B27C10C1A0033F347 /* Extensions */,
				59C8B45C27C10C280033F347 /* GenericViews */,
				59C8B45D27C10C2E0033F347 /* Helpers */,
				59C8B45E27C10C330033F347 /* Managers */,
				59C8B48827C120650033F347 /* Network */,
				59C8B45F27C10C3A0033F347 /* Sceenes */,
				59C8B46227C10C4B0033F347 /* SupportingFiles */,
			);
			path = "coyo-code-challange";
			sourceTree = "<group>";
		};
		59C8B45827C10C050033F347 /* App */ = {
			isa = PBXGroup;
			children = (
				59C8B44327C106A40033F347 /* AppDelegate.swift */,
			);
			path = App;
			sourceTree = "<group>";
		};
		59C8B45927C10C0B0033F347 /* Base */ = {
			isa = PBXGroup;
			children = (
				59C8B47D27C1180B0033F347 /* BaseProtocols.swift */,
			);
			path = Base;
			sourceTree = "<group>";
		};
		59C8B45A27C10C150033F347 /* Constants */ = {
			isa = PBXGroup;
			children = (
				59C8B47F27C1182A0033F347 /* TypeAliases.swift */,
			);
			path = Constants;
			sourceTree = "<group>";
		};
		59C8B45B27C10C1A0033F347 /* Extensions */ = {
			isa = PBXGroup;
			children = (
				59C8B47327C1176D0033F347 /* String+Extensions.swift */,
				59C8B47527C117870033F347 /* UITableView+Extensions.swift */,
			);
			path = Extensions;
			sourceTree = "<group>";
		};
		59C8B45C27C10C280033F347 /* GenericViews */ = {
			isa = PBXGroup;
			children = (
			);
			path = GenericViews;
			sourceTree = "<group>";
		};
		59C8B45D27C10C2E0033F347 /* Helpers */ = {
			isa = PBXGroup;
			children = (
				59C8B47727C117A10033F347 /* ReusableView.swift */,
				59C8B48F27C1220E0033F347 /* AlertFactory.swift */,
			);
			path = Helpers;
			sourceTree = "<group>";
		};
		59C8B45E27C10C330033F347 /* Managers */ = {
			isa = PBXGroup;
			children = (
				59C8B47927C117C40033F347 /* VisualContentsManagers.swift */,
				59C8B47B27C117F20033F347 /* LocalizableManager.swift */,
			);
			path = Managers;
			sourceTree = "<group>";
		};
		59C8B45F27C10C3A0033F347 /* Sceenes */ = {
			isa = PBXGroup;
			children = (
				59C8B46027C10C3F0033F347 /* Main */,
				59C8B46127C10C450033F347 /* Detail */,
			);
			path = Sceenes;
			sourceTree = "<group>";
		};
		59C8B46027C10C3F0033F347 /* Main */ = {
			isa = PBXGroup;
			children = (
				59C8B47027C116C60033F347 /* Views */,
				59C8B46F27C116C10033F347 /* Manager */,
				59C8B46E27C116B90033F347 /* ViewController */,
				59C8B46D27C116B00033F347 /* ViewModel */,
			);
			path = Main;
			sourceTree = "<group>";
		};
		59C8B46127C10C450033F347 /* Detail */ = {
			isa = PBXGroup;
			children = (
				59C8B46527C1107F0033F347 /* ViewModel */,
				59C8B46427C110650033F347 /* ViewController */,
				59C8B46327C110550033F347 /* Views */,
			);
			path = Detail;
			sourceTree = "<group>";
		};
		59C8B46227C10C4B0033F347 /* SupportingFiles */ = {
			isa = PBXGroup;
			children = (
				59C8B44C27C106A50033F347 /* Assets.xcassets */,
				59C8B45127C106A50033F347 /* Info.plist */,
				59C8B44E27C106A50033F347 /* LaunchScreen.storyboard */,
				59C8B48527C11FF50033F347 /* Localizable.strings */,
			);
			path = SupportingFiles;
			sourceTree = "<group>";
		};
		59C8B46327C110550033F347 /* Views */ = {
			isa = PBXGroup;
			children = (
			);
			path = Views;
			sourceTree = "<group>";
		};
		59C8B46427C110650033F347 /* ViewController */ = {
			isa = PBXGroup;
			children = (
			);
			path = ViewController;
			sourceTree = "<group>";
		};
		59C8B46527C1107F0033F347 /* ViewModel */ = {
			isa = PBXGroup;
			children = (
			);
			path = ViewModel;
			sourceTree = "<group>";
		};
		59C8B46D27C116B00033F347 /* ViewModel */ = {
			isa = PBXGroup;
			children = (
				59C8B46727C116660033F347 /* HomeViewModel.swift */,
			);
			path = ViewModel;
			sourceTree = "<group>";
		};
		59C8B46E27C116B90033F347 /* ViewController */ = {
			isa = PBXGroup;
			children = (
				59C8B46927C116880033F347 /* HomeViewController.swift */,
			);
			path = ViewController;
			sourceTree = "<group>";
		};
		59C8B46F27C116C10033F347 /* Manager */ = {
			isa = PBXGroup;
			children = (
				59C8B49E27C144E80033F347 /* HomeDataSourceManager.swift */,
			);
			path = Manager;
			sourceTree = "<group>";
		};
		59C8B47027C116C60033F347 /* Views */ = {
			isa = PBXGroup;
			children = (
				59C8B49B27C140360033F347 /* Cell */,
				59C8B46B27C116A70033F347 /* HomeView.swift */,
			);
			path = Views;
			sourceTree = "<group>";
		};
		59C8B48827C120650033F347 /* Network */ = {
			isa = PBXGroup;
			children = (
				59C8B48927C1207F0033F347 /* Models */,
			);
			path = Network;
			sourceTree = "<group>";
		};
		59C8B48927C1207F0033F347 /* Models */ = {
			isa = PBXGroup;
			children = (
				59C8B48C27C120A70033F347 /* Layer */,
				59C8B48B27C1208D0033F347 /* ResponseModels */,
				59C8B48A27C120870033F347 /* RequestModels */,
			);
			path = Models;
			sourceTree = "<group>";
		};
		59C8B48A27C120870033F347 /* RequestModels */ = {
			isa = PBXGroup;
			children = (
			);
			path = RequestModels;
			sourceTree = "<group>";
		};
		59C8B48B27C1208D0033F347 /* ResponseModels */ = {
			isa = PBXGroup;
			children = (
				59C8B49127C125150033F347 /* User.swift */,
				59C8B49327C125780033F347 /* Comment.swift */,
				59C8B49627C1260F0033F347 /* Post.swift */,
			);
			path = ResponseModels;
			sourceTree = "<group>";
		};
		59C8B48C27C120A70033F347 /* Layer */ = {
			isa = PBXGroup;
			children = (
				59C8B48D27C120B30033F347 /* NetworkLayer.swift */,
			);
			path = Layer;
			sourceTree = "<group>";
		};
		59C8B49B27C140360033F347 /* Cell */ = {
			isa = PBXGroup;
			children = (
				59C8B49C27C140490033F347 /* PostCell.swift */,
			);
			path = Cell;
			sourceTree = "<group>";
		};
/* End PBXGroup section */

/* Begin PBXNativeTarget section */
		59C8B43F27C106A40033F347 /* coyo-code-challange */ = {
			isa = PBXNativeTarget;
			buildConfigurationList = 59C8B45427C106A50033F347 /* Build configuration list for PBXNativeTarget "coyo-code-challange" */;
			buildPhases = (
				59C8B43C27C106A40033F347 /* Sources */,
				59C8B43D27C106A40033F347 /* Frameworks */,
				59C8B43E27C106A40033F347 /* Resources */,
				59C8B45727C1092C0033F347 /* ShellScript */,
			);
			buildRules = (
			);
			dependencies = (
			);
			name = "coyo-code-challange";
			productName = "coyo-code-challange";
			productReference = 59C8B44027C106A40033F347 /* coyo-code-challange.app */;
			productType = "com.apple.product-type.application";
		};
/* End PBXNativeTarget section */

/* Begin PBXProject section */
		59C8B43827C106A40033F347 /* Project object */ = {
			isa = PBXProject;
			attributes = {
				BuildIndependentTargetsInParallel = 1;
				LastSwiftUpdateCheck = 1330;
				LastUpgradeCheck = 1330;
				TargetAttributes = {
					59C8B43F27C106A40033F347 = {
						CreatedOnToolsVersion = 13.3;
					};
				};
			};
			buildConfigurationList = 59C8B43B27C106A40033F347 /* Build configuration list for PBXProject "coyo-code-challange" */;
			compatibilityVersion = "Xcode 12.0";
			developmentRegion = en;
			hasScannedForEncodings = 0;
			knownRegions = (
				en,
				Base,
				tr,
			);
			mainGroup = 59C8B43727C106A40033F347;
			productRefGroup = 59C8B44127C106A40033F347 /* Products */;
			projectDirPath = "";
			projectRoot = "";
			targets = (
				59C8B43F27C106A40033F347 /* coyo-code-challange */,
			);
		};
/* End PBXProject section */

/* Begin PBXResourcesBuildPhase section */
		59C8B43E27C106A40033F347 /* Resources */ = {
			isa = PBXResourcesBuildPhase;
			buildActionMask = 2147483647;
			files = (
				59C8B45027C106A50033F347 /* LaunchScreen.storyboard in Resources */,
				59C8B48327C11FF50033F347 /* Localizable.strings in Resources */,
				59C8B44D27C106A50033F347 /* Assets.xcassets in Resources */,
			);
			runOnlyForDeploymentPostprocessing = 0;
		};
/* End PBXResourcesBuildPhase section */

/* Begin PBXShellScriptBuildPhase section */
		59C8B45727C1092C0033F347 /* ShellScript */ = {
			isa = PBXShellScriptBuildPhase;
			buildActionMask = 2147483647;
			files = (
			);
			inputFileListPaths = (
			);
			inputPaths = (
			);
			outputFileListPaths = (
			);
			outputPaths = (
			);
			runOnlyForDeploymentPostprocessing = 0;
			shellPath = /bin/sh;
			shellScript = "if which swiftlint >/dev/null; then\n  swiftlint\nelse\n  echo \"warning: SwiftLint not installed, download from https://github.com/realm/SwiftLint\"\nfi\n";
		};
/* End PBXShellScriptBuildPhase section */

/* Begin PBXSourcesBuildPhase section */
		59C8B43C27C106A40033F347 /* Sources */ = {
			isa = PBXSourcesBuildPhase;
			buildActionMask = 2147483647;
			files = (
				59C8B48027C1182A0033F347 /* TypeAliases.swift in Sources */,
				59C8B47A27C117C40033F347 /* VisualContentsManagers.swift in Sources */,
				59C8B48E27C120B30033F347 /* NetworkLayer.swift in Sources */,
				59C8B49727C1260F0033F347 /* Post.swift in Sources */,
				59C8B49027C1220E0033F347 /* AlertFactory.swift in Sources */,
				59C8B49F27C144E80033F347 /* HomeDataSourceManager.swift in Sources */,
				59C8B49D27C140490033F347 /* PostCell.swift in Sources */,
				59C8B47627C117870033F347 /* UITableView+Extensions.swift in Sources */,
				59C8B44427C106A40033F347 /* AppDelegate.swift in Sources */,
				59C8B47E27C1180B0033F347 /* BaseProtocols.swift in Sources */,
				59C8B49227C125150033F347 /* User.swift in Sources */,
				59C8B47C27C117F20033F347 /* LocalizableManager.swift in Sources */,
				59C8B47827C117A10033F347 /* ReusableView.swift in Sources */,
				59C8B49427C125780033F347 /* Comment.swift in Sources */,
				59C8B46C27C116A70033F347 /* HomeView.swift in Sources */,
				59C8B46827C116660033F347 /* HomeViewModel.swift in Sources */,
				59C8B47427C1176D0033F347 /* String+Extensions.swift in Sources */,
				59C8B46A27C116880033F347 /* HomeViewController.swift in Sources */,
			);
			runOnlyForDeploymentPostprocessing = 0;
		};
/* End PBXSourcesBuildPhase section */

/* Begin PBXVariantGroup section */
		59C8B44E27C106A50033F347 /* LaunchScreen.storyboard */ = {
			isa = PBXVariantGroup;
			children = (
				59C8B44F27C106A50033F347 /* Base */,
				59C8B48627C120190033F347 /* tr */,
			);
			name = LaunchScreen.storyboard;
			sourceTree = "<group>";
		};
		59C8B48527C11FF50033F347 /* Localizable.strings */ = {
			isa = PBXVariantGroup;
			children = (
				59C8B48427C11FF50033F347 /* en */,
				59C8B48727C120190033F347 /* tr */,
			);
			name = Localizable.strings;
			sourceTree = "<group>";
		};
/* End PBXVariantGroup section */

/* Begin XCBuildConfiguration section */
		59C8B45227C106A50033F347 /* Debug */ = {
			isa = XCBuildConfiguration;
			buildSettings = {
				ALWAYS_SEARCH_USER_PATHS = NO;
				CLANG_ANALYZER_LOCALIZABILITY_NONLOCALIZED = YES;
				CLANG_ANALYZER_NONNULL = YES;
				CLANG_ANALYZER_NUMBER_OBJECT_CONVERSION = YES_AGGRESSIVE;
				CLANG_CXX_LANGUAGE_STANDARD = "gnu++17";
				CLANG_ENABLE_MODULES = YES;
				CLANG_ENABLE_OBJC_ARC = YES;
				CLANG_ENABLE_OBJC_WEAK = YES;
				CLANG_WARN_BLOCK_CAPTURE_AUTORELEASING = YES;
				CLANG_WARN_BOOL_CONVERSION = YES;
				CLANG_WARN_COMMA = YES;
				CLANG_WARN_CONSTANT_CONVERSION = YES;
				CLANG_WARN_DEPRECATED_OBJC_IMPLEMENTATIONS = YES;
				CLANG_WARN_DIRECT_OBJC_ISA_USAGE = YES_ERROR;
				CLANG_WARN_DOCUMENTATION_COMMENTS = YES;
				CLANG_WARN_EMPTY_BODY = YES;
				CLANG_WARN_ENUM_CONVERSION = YES;
				CLANG_WARN_INFINITE_RECURSION = YES;
				CLANG_WARN_INT_CONVERSION = YES;
				CLANG_WARN_NON_LITERAL_NULL_CONVERSION = YES;
				CLANG_WARN_OBJC_IMPLICIT_RETAIN_SELF = YES;
				CLANG_WARN_OBJC_LITERAL_CONVERSION = YES;
				CLANG_WARN_OBJC_ROOT_CLASS = YES_ERROR;
				CLANG_WARN_QUOTED_INCLUDE_IN_FRAMEWORK_HEADER = YES;
				CLANG_WARN_RANGE_LOOP_ANALYSIS = YES;
				CLANG_WARN_STRICT_PROTOTYPES = YES;
				CLANG_WARN_SUSPICIOUS_MOVE = YES;
				CLANG_WARN_UNGUARDED_AVAILABILITY = YES_AGGRESSIVE;
				CLANG_WARN_UNREACHABLE_CODE = YES;
				CLANG_WARN__DUPLICATE_METHOD_MATCH = YES;
				COPY_PHASE_STRIP = NO;
				DEBUG_INFORMATION_FORMAT = dwarf;
				ENABLE_STRICT_OBJC_MSGSEND = YES;
				ENABLE_TESTABILITY = YES;
				GCC_C_LANGUAGE_STANDARD = gnu11;
				GCC_DYNAMIC_NO_PIC = NO;
				GCC_NO_COMMON_BLOCKS = YES;
				GCC_OPTIMIZATION_LEVEL = 0;
				GCC_PREPROCESSOR_DEFINITIONS = (
					"DEBUG=1",
					"$(inherited)",
				);
				GCC_WARN_64_TO_32_BIT_CONVERSION = YES;
				GCC_WARN_ABOUT_RETURN_TYPE = YES_ERROR;
				GCC_WARN_UNDECLARED_SELECTOR = YES;
				GCC_WARN_UNINITIALIZED_AUTOS = YES_AGGRESSIVE;
				GCC_WARN_UNUSED_FUNCTION = YES;
				GCC_WARN_UNUSED_VARIABLE = YES;
				IPHONEOS_DEPLOYMENT_TARGET = 13.0;
				MTL_ENABLE_DEBUG_INFO = INCLUDE_SOURCE;
				MTL_FAST_MATH = YES;
				ONLY_ACTIVE_ARCH = YES;
				SDKROOT = iphoneos;
				SWIFT_ACTIVE_COMPILATION_CONDITIONS = DEBUG;
				SWIFT_OPTIMIZATION_LEVEL = "-Onone";
			};
			name = Debug;
		};
		59C8B45327C106A50033F347 /* Release */ = {
			isa = XCBuildConfiguration;
			buildSettings = {
				ALWAYS_SEARCH_USER_PATHS = NO;
				CLANG_ANALYZER_LOCALIZABILITY_NONLOCALIZED = YES;
				CLANG_ANALYZER_NONNULL = YES;
				CLANG_ANALYZER_NUMBER_OBJECT_CONVERSION = YES_AGGRESSIVE;
				CLANG_CXX_LANGUAGE_STANDARD = "gnu++17";
				CLANG_ENABLE_MODULES = YES;
				CLANG_ENABLE_OBJC_ARC = YES;
				CLANG_ENABLE_OBJC_WEAK = YES;
				CLANG_WARN_BLOCK_CAPTURE_AUTORELEASING = YES;
				CLANG_WARN_BOOL_CONVERSION = YES;
				CLANG_WARN_COMMA = YES;
				CLANG_WARN_CONSTANT_CONVERSION = YES;
				CLANG_WARN_DEPRECATED_OBJC_IMPLEMENTATIONS = YES;
				CLANG_WARN_DIRECT_OBJC_ISA_USAGE = YES_ERROR;
				CLANG_WARN_DOCUMENTATION_COMMENTS = YES;
				CLANG_WARN_EMPTY_BODY = YES;
				CLANG_WARN_ENUM_CONVERSION = YES;
				CLANG_WARN_INFINITE_RECURSION = YES;
				CLANG_WARN_INT_CONVERSION = YES;
				CLANG_WARN_NON_LITERAL_NULL_CONVERSION = YES;
				CLANG_WARN_OBJC_IMPLICIT_RETAIN_SELF = YES;
				CLANG_WARN_OBJC_LITERAL_CONVERSION = YES;
				CLANG_WARN_OBJC_ROOT_CLASS = YES_ERROR;
				CLANG_WARN_QUOTED_INCLUDE_IN_FRAMEWORK_HEADER = YES;
				CLANG_WARN_RANGE_LOOP_ANALYSIS = YES;
				CLANG_WARN_STRICT_PROTOTYPES = YES;
				CLANG_WARN_SUSPICIOUS_MOVE = YES;
				CLANG_WARN_UNGUARDED_AVAILABILITY = YES_AGGRESSIVE;
				CLANG_WARN_UNREACHABLE_CODE = YES;
				CLANG_WARN__DUPLICATE_METHOD_MATCH = YES;
				COPY_PHASE_STRIP = NO;
				DEBUG_INFORMATION_FORMAT = "dwarf-with-dsym";
				ENABLE_NS_ASSERTIONS = NO;
				ENABLE_STRICT_OBJC_MSGSEND = YES;
				GCC_C_LANGUAGE_STANDARD = gnu11;
				GCC_NO_COMMON_BLOCKS = YES;
				GCC_WARN_64_TO_32_BIT_CONVERSION = YES;
				GCC_WARN_ABOUT_RETURN_TYPE = YES_ERROR;
				GCC_WARN_UNDECLARED_SELECTOR = YES;
				GCC_WARN_UNINITIALIZED_AUTOS = YES_AGGRESSIVE;
				GCC_WARN_UNUSED_FUNCTION = YES;
				GCC_WARN_UNUSED_VARIABLE = YES;
				IPHONEOS_DEPLOYMENT_TARGET = 13.0;
				MTL_ENABLE_DEBUG_INFO = NO;
				MTL_FAST_MATH = YES;
				SDKROOT = iphoneos;
				SWIFT_COMPILATION_MODE = wholemodule;
				SWIFT_OPTIMIZATION_LEVEL = "-O";
				VALIDATE_PRODUCT = YES;
			};
			name = Release;
		};
		59C8B45527C106A50033F347 /* Debug */ = {
			isa = XCBuildConfiguration;
			buildSettings = {
				ASSETCATALOG_COMPILER_APPICON_NAME = AppIcon;
				ASSETCATALOG_COMPILER_GLOBAL_ACCENT_COLOR_NAME = AccentColor;
				CODE_SIGN_STYLE = Automatic;
				CURRENT_PROJECT_VERSION = 1;
				DEVELOPMENT_TEAM = 2AWWSVW9RZ;
				GENERATE_INFOPLIST_FILE = YES;
				INFOPLIST_FILE = "coyo-code-challange/SupportingFiles/Info.plist";
				INFOPLIST_KEY_UIApplicationSupportsIndirectInputEvents = YES;
				INFOPLIST_KEY_UILaunchStoryboardName = LaunchScreen;
				INFOPLIST_KEY_UISupportedInterfaceOrientations_iPad = "UIInterfaceOrientationPortrait UIInterfaceOrientationPortraitUpsideDown UIInterfaceOrientationLandscapeLeft UIInterfaceOrientationLandscapeRight";
				INFOPLIST_KEY_UISupportedInterfaceOrientations_iPhone = "UIInterfaceOrientationPortrait UIInterfaceOrientationLandscapeLeft UIInterfaceOrientationLandscapeRight";
				LD_RUNPATH_SEARCH_PATHS = (
					"$(inherited)",
					"@executable_path/Frameworks",
				);
				MARKETING_VERSION = 1.0;
				PRODUCT_BUNDLE_IDENTIFIER = "buraknurcicek.coyo-code-challange";
				PRODUCT_NAME = "$(TARGET_NAME)";
				SWIFT_EMIT_LOC_STRINGS = YES;
				SWIFT_VERSION = 5.0;
				TARGETED_DEVICE_FAMILY = "1,2";
			};
			name = Debug;
		};
		59C8B45627C106A50033F347 /* Release */ = {
			isa = XCBuildConfiguration;
			buildSettings = {
				ASSETCATALOG_COMPILER_APPICON_NAME = AppIcon;
				ASSETCATALOG_COMPILER_GLOBAL_ACCENT_COLOR_NAME = AccentColor;
				CODE_SIGN_STYLE = Automatic;
				CURRENT_PROJECT_VERSION = 1;
				DEVELOPMENT_TEAM = 2AWWSVW9RZ;
				GENERATE_INFOPLIST_FILE = YES;
				INFOPLIST_FILE = "coyo-code-challange/SupportingFiles/Info.plist";
				INFOPLIST_KEY_UIApplicationSupportsIndirectInputEvents = YES;
				INFOPLIST_KEY_UILaunchStoryboardName = LaunchScreen;
				INFOPLIST_KEY_UISupportedInterfaceOrientations_iPad = "UIInterfaceOrientationPortrait UIInterfaceOrientationPortraitUpsideDown UIInterfaceOrientationLandscapeLeft UIInterfaceOrientationLandscapeRight";
				INFOPLIST_KEY_UISupportedInterfaceOrientations_iPhone = "UIInterfaceOrientationPortrait UIInterfaceOrientationLandscapeLeft UIInterfaceOrientationLandscapeRight";
				LD_RUNPATH_SEARCH_PATHS = (
					"$(inherited)",
					"@executable_path/Frameworks",
				);
				MARKETING_VERSION = 1.0;
				PRODUCT_BUNDLE_IDENTIFIER = "buraknurcicek.coyo-code-challange";
				PRODUCT_NAME = "$(TARGET_NAME)";
				SWIFT_EMIT_LOC_STRINGS = YES;
				SWIFT_VERSION = 5.0;
				TARGETED_DEVICE_FAMILY = "1,2";
			};
			name = Release;
		};
/* End XCBuildConfiguration section */

/* Begin XCConfigurationList section */
		59C8B43B27C106A40033F347 /* Build configuration list for PBXProject "coyo-code-challange" */ = {
			isa = XCConfigurationList;
			buildConfigurations = (
				59C8B45227C106A50033F347 /* Debug */,
				59C8B45327C106A50033F347 /* Release */,
			);
			defaultConfigurationIsVisible = 0;
			defaultConfigurationName = Release;
		};
		59C8B45427C106A50033F347 /* Build configuration list for PBXNativeTarget "coyo-code-challange" */ = {
			isa = XCConfigurationList;
			buildConfigurations = (
				59C8B45527C106A50033F347 /* Debug */,
				59C8B45627C106A50033F347 /* Release */,
			);
			defaultConfigurationIsVisible = 0;
			defaultConfigurationName = Release;
		};
/* End XCConfigurationList section */
	};
	rootObject = 59C8B43827C106A40033F347 /* Project object */;
}
